{
  "name": "wasm-demo",
  "version": "1.0.0",
  "lockfileVersion": 1,
  "requires": true,
  "dependencies": {
    "@types/node": {
      "version": "12.12.14",
      "resolved": "https://registry.npmjs.org/@types/node/-/node-12.12.14.tgz",
      "integrity": "sha512-u/SJDyXwuihpwjXy7hOOghagLEV1KdAST6syfnOk6QZAMzZuWZqXy5aYYZbh8Jdpd4escVFP0MvftHNDb9pruA==",
      "dev": true
    },
    "assemblyscript": {
      "version": "0.8.1",
      "resolved": "https://registry.npmjs.org/assemblyscript/-/assemblyscript-0.8.1.tgz",
      "integrity": "sha512-AEpb4Aq5g77XOxSvWn9ZFjIdfyypGavO5oKOAXUo22tnSpebGHdrx0iyVindGKkDlxWhHUc87B0fvM/w1fnpDg==",
      "dev": true,
      "requires": {
        "binaryen": "89.0.0-nightly.20191113",
        "long": "^4.0.0"
      }
    },
    "binaryen": {
      "version": "89.0.0-nightly.20191113",
      "resolved": "https://registry.npmjs.org/binaryen/-/binaryen-89.0.0-nightly.20191113.tgz",
      "integrity": "sha512-scODswmj6Xf/Adjy1PRsjf8fHxpIIUYpH7HjKUaZ/RdZYjqB1Zq3X4izpLfcK+hKGNah92DpAJ3i/adEayMe9g==",
      "dev": true
    },
    "long": {
      "version": "4.0.0",
      "resolved": "https://registry.npmjs.org/long/-/long-4.0.0.tgz",
      "integrity": "sha512-XsP+KhQif4bjX1kbuSiySJFNAehNxgLb6hPRGJ9QsUr8ajHkuXGdrHmFUTUUXhDwVX2R5bY4JNZEwbUiMhV+MA==",
      "dev": true
    },
    "typescript": {
      "version": "3.7.2",
      "resolved": "https://registry.npmjs.org/typescript/-/typescript-3.7.2.tgz",
      "integrity": "sha512-ml7V7JfiN2Xwvcer+XAf2csGO1bPBdRbFCkYBczNZggrBZ9c7G3riSUeJmqEU5uOtXNPMhE3n+R4FA/3YOAWOQ=="
    }
  }
}
